Microsoft Visual Studio Solution File, Format Version 12.00
# Visual Studio Version 17
VisualStudioVersion = 17.0.31903.59
MinimumVisualStudioVersion = 10.0.40219.1
Project("{BF7D329C-34B0-4DD1-B009-748D496605B9}") = "Project_7ce2417a3fd049faaccfd38ba681dbfe_20250619080305843501", "Project_7ce2417a3fd049faaccfd38ba681dbfe_20250619080305843501.csproj", "{BF7D329C-34B0-4DD1-B009-748D496605B9}"
EndProject
Global
    GlobalSection(SolutionConfigurationPlatforms) = preSolution
        Debug|Any CPU = Debug|Any CPU
        Release|Any CPU = Release|Any CPU
    EndGlobalSection
    GlobalSection(ProjectConfigurationPlatforms) = postSolution
        {BF7D329C-34B0-4DD1-B009-748D496605B9}.Debug|Any CPU.ActiveCfg = Debug|Any CPU
        {BF7D329C-34B0-4DD1-B009-748D496605B9}.Debug|Any CPU.Build.0 = Debug|Any CPU
        {BF7D329C-34B0-4DD1-B009-748D496605B9}.Release|Any CPU.ActiveCfg = Release|Any CPU
        {BF7D329C-34B0-4DD1-B009-748D496605B9}.Release|Any CPU.Build.0 = Release|Any CPU
    EndGlobalSection
EndGlobal